<?xml version="1.0" encoding="utf-8"?>
<Project ToolsVersion="4.0" xmlns="http://schemas.microsoft.com/developer/msbuild/2003">
  <ItemGroup>
    <Filter Include="Headers">
      <UniqueIdentifier>{8629fd77-b024-4577-b0e5-2bfc8100a824}</UniqueIdentifier>
    </Filter>
    <Filter Include="Source">
      <UniqueIdentifier>{d83b6273-b815-4173-a4f5-ff3bbd91fc4a}</UniqueIdentifier>
    </Filter>
  </ItemGroup>
  <ItemGroup>
    <ClInclude Include="include\SceneGraph\UGKSceneGraph.h">
      <Filter>Headers</Filter>
    </ClInclude>
    <ClInclude Include="include\SceneGraph\UGKSceneGraphOGRE.h">
      <Filter>Headers</Filter>
    </ClInclude>
    <ClInclude Include="include\SceneGraph\UGKSceneGraphUGK.h">
      <Filter>Headers</Filter>
    </ClInclude>
    <ClInclude Include="include\SceneGraph\UGKSceneGraphOSG.h">
      <Filter>Headers</Filter>
    </ClInclude>
    <ClInclude Include="include\SceneGraph\UGKSGType.h">
      <Filter>Headers</Filter>
    </ClInclude>
  </ItemGroup>
  <ItemGroup>
    <ClCompile Include="src\SceneGraph\UGKSceneGraphUGK.cpp">
      <Filter>Source</Filter>
    </ClCompile>
    <ClCompile Include="src\SceneGraph\UGKSceneGraphOSG.cpp" />
  </ItemGroup>
</Project>